# Generated by buf. DO NOT EDIT.
version: v1
deps:
  - remote: buf.build
    owner: cometbft
    repository: cometbft
    commit: c0d3497e35d649538679874acdd86660
    digest: shake256:05d2fb9e6b6bf82385ac26b250afbba281a2ca79f51729291373d24ca676d743183bf70a921daae6feafd5f9917120e2548a7c477d9743f668bca27cc1e12fdf
  - remote: buf.build
    owner: cosmos
    repository: cosmos-proto
    commit: 04467658e59e44bbb22fe568206e1f70
    digest: shake256:73a640bd60e0c523b0f8237ff34eab67c45a38b64bbbde1d80224819d272dbf316ac183526bd245f994af6608b025f5130483d0133c5edd385531326b5990466
  - remote: buf.build
    owner: cosmos
    repository: cosmos-sdk
    commit: 05419252bcc241ea8023acf1ed4cadc5
    digest: shake256:1e54a48c19a8b59d35e0a7efa76402939f515f2d8005df099856f24c37c20a52800308f025abb8cffcd014d437b49707388aaca4865d9d063d8f25d5d4eb77d5
  - remote: buf.build
    owner: cosmos
    repository: gogo-proto
    commit: 88ef6483f90f478fb938c37dde52ece3
    digest: shake256:89c45df2aa11e0cff97b0d695436713db3d993d76792e9f8dc1ae90e6ab9a9bec55503d48ceedd6b86069ab07d3041b32001b2bfe0227fa725dd515ff381e5ba
  - remote: buf.build
    owner: cosmos
    repository: ibc
    commit: f3cb7e9a10ab4cd5a402b9913f65e38d
    digest: shake256:aaa8a2a46a3ab5cb4c54f9f14920bc472e5e5f93453fa250de49f15c76dce7f82faa5615afd341967797ead8052306db6b1e6327cb1d8d94345bf07a22f8aebd
  - remote: buf.build
    owner: cosmos
    repository: ics23
    commit: dc427cb4519143d8996361c045a29ad7
    digest: shake256:f6611c56170e2cb6354fa6e367a225fed7b8b0defca3252f05e842fe311be46997680ebf57d8644b52c1f2cca49b366ffe89ce5e8db5fd055a15259c88e4e41e
  - remote: buf.build
    owner: googleapis
    repository: googleapis
    commit: e93e34f48be043dab55be31b4b47f458
    digest: shake256:93dbe51c27606999eef918360df509485a4d272e79aaed6d0016940379a9b06d316fc5228b7b50cca94bb310f34c5fc5955ce7474f655f0d0a224c4121dda3c1
  - remote: buf.build
    owner: protocolbuffers
    repository: wellknowntypes
    commit: d4f14e5e0a9c40889c90d373c74e95eb
    digest: shake256:c9824714afd6cc432c2e1fafa20df47c87a8a0aca9e27192cd5732619453997af1721c2eac5c0fbbe7b29a741af5b8d7ba4ee89c85903e782d9c725d7b9436b5
  - remote: buf.build
    owner: tendermint
    repository: tendermint
    commit: 33ed361a90514289beabf3189e1d7665
    digest: shake256:038267e06294714fd883610626554b04a127b576b4e253befb4206cb72d5d3c1eeccacd4b9ec8e3fb891f7c14e1cb0f770c077d2989638995b0a61c85afedb1d
